<Solution>
  <Folder Name="/src/">
    <Project Path="src/VcvPatchDiagram.Cli/VcvPatchDiagram.Cli.csproj" />
    <Project Path="src/VcvPatchDiagram.Core/VcvPatchDiagram.Core.csproj" />
    <Project Path="src/VcvPatchDiagram.Web/VcvPatchDiagram.Web.csproj" />
  </Folder>
  <Folder Name="/tests/">
    <Project Path="tests/VcvPatchDiagram.Tests/VcvPatchDiagram.Tests.csproj" />
  </Folder>
</Solution>
